// !$*UTF8*$!
{
	archiveVersion = 1;
	classes = {
	};
	objectVersion = 56;
	objects = {

/* Begin PBXBuildFile section */
		CF1CC20A2CE0186100320AE7 /* PodcastsRSSApp.swift in Sources */ = {isa = PBXBuildFile; fileRef = CF1CC2092CE0186100320AE7 /* PodcastsRSSApp.swift */; };
		CF1CC20C2CE0186100320AE7 /* ContentView.swift in Sources */ = {isa = PBXBuildFile; fileRef = CF1CC20B2CE0186100320AE7 /* ContentView.swift */; };
		CF1CC20E2CE0186400320AE7 /* Assets.xcassets in Resources */ = {isa = PBXBuildFile; fileRef = CF1CC20D2CE0186400320AE7 /* Assets.xcassets */; };
		CF1CC2122CE0186400320AE7 /* Preview Assets.xcassets in Resources */ = {isa = PBXBuildFile; fileRef = CF1CC2112CE0186400320AE7 /* Preview Assets.xcassets */; };
		CF1CC21C2CE0186400320AE7 /* PodcastsRSSTests.swift in Sources */ = {isa = PBXBuildFile; fileRef = CF1CC21B2CE0186400320AE7 /* PodcastsRSSTests.swift */; };
		CF1CC2262CE0186400320AE7 /* PodcastsRSSUITests.swift in Sources */ = {isa = PBXBuildFile; fileRef = CF1CC2252CE0186400320AE7 /* PodcastsRSSUITests.swift */; };
		CF1CC2282CE0186400320AE7 /* PodcastsRSSUITestsLaunchTests.swift in Sources */ = {isa = PBXBuildFile; fileRef = CF1CC2272CE0186400320AE7 /* PodcastsRSSUITestsLaunchTests.swift */; };
/* End PBXBuildFile section */

/* Begin PBXContainerItemProxy section */
		CF1CC2182CE0186400320AE7 /* PBXContainerItemProxy */ = {
			isa = PBXContainerItemProxy;
			containerPortal = CF1CC1FE2CE0186100320AE7 /* Project object */;
			proxyType = 1;
			remoteGlobalIDString = CF1CC2052CE0186100320AE7;
			remoteInfo = PodcastsRSS;
		};
		CF1CC2222CE0186400320AE7 /* PBXContainerItemProxy */ = {
			isa = PBXContainerItemProxy;
			containerPortal = CF1CC1FE2CE0186100320AE7 /* Project object */;
			proxyType = 1;
			remoteGlobalIDString = CF1CC2052CE0186100320AE7;
			remoteInfo = PodcastsRSS;
		};
/* End PBXContainerItemProxy section */

/* Begin PBXFileReference section */
		CF1CC2062CE0186100320AE7 /* PodcastsRSS.app */ = {isa = PBXFileReference; explicitFileType = wrapper.application; includeInIndex = 0; path = PodcastsRSS.app; sourceTree = BUILT_PRODUCTS_DIR; };
		CF1CC2092CE0186100320AE7 /* PodcastsRSSApp.swift */ = {isa = PBXFileReference; lastKnownFileType = sourcecode.swift; path = PodcastsRSSApp.swift; sourceTree = "<group>"; };
		CF1CC20B2CE0186100320AE7 /* ContentView.swift */ = {isa = PBXFileReference; lastKnownFileType = sourcecode.swift; path = ContentView.swift; sourceTree = "<group>"; };
		CF1CC20D2CE0186400320AE7 /* Assets.xcassets */ = {isa = PBXFileReference; lastKnownFileType = folder.assetcatalog; path = Assets.xcassets; sourceTree = "<group>"; };
		CF1CC20F2CE0186400320AE7 /* PodcastsRSS.entitlements */ = {isa = PBXFileReference; lastKnownFileType = text.plist.entitlements; path = PodcastsRSS.entitlements; sourceTree = "<group>"; };
		CF1CC2112CE0186400320AE7 /* Preview Assets.xcassets */ = {isa = PBXFileReference; lastKnownFileType = folder.assetcatalog; path = "Preview Assets.xcassets"; sourceTree = "<group>"; };
		CF1CC2172CE0186400320AE7 /* PodcastsRSSTests.xctest */ = {isa = PBXFileReference; explicitFileType = wrapper.cfbundle; includeInIndex = 0; path = PodcastsRSSTests.xctest; sourceTree = BUILT_PRODUCTS_DIR; };
		CF1CC21B2CE0186400320AE7 /* PodcastsRSSTests.swift */ = {isa = PBXFileReference; lastKnownFileType = sourcecode.swift; path = PodcastsRSSTests.swift; sourceTree = "<group>"; };
		CF1CC2212CE0186400320AE7 /* PodcastsRSSUITests.xctest */ = {isa = PBXFileReference; explicitFileType = wrapper.cfbundle; includeInIndex = 0; path = PodcastsRSSUITests.xctest; sourceTree = BUILT_PRODUCTS_DIR; };
		CF1CC2252CE0186400320AE7 /* PodcastsRSSUITests.swift */ = {isa = PBXFileReference; lastKnownFileType = sourcecode.swift; path = PodcastsRSSUITests.swift; sourceTree = "<group>"; };
		CF1CC2272CE0186400320AE7 /* PodcastsRSSUITestsLaunchTests.swift */ = {isa = PBXFileReference; lastKnownFileType = sourcecode.swift; path = PodcastsRSSUITestsLaunchTests.swift; sourceTree = "<group>"; };
/* End PBXFileReference section */

/* Begin PBXFrameworksBuildPhase section */
		CF1CC2032CE0186100320AE7 /* Frameworks */ = {
			isa = PBXFrameworksBuildPhase;
			buildActionMask = 2147483647;
			files = (
			);
			runOnlyForDeploymentPostprocessing = 0;
		};
		CF1CC2142CE0186400320AE7 /* Frameworks */ = {
			isa = PBXFrameworksBuildPhase;
			buildActionMask = 2147483647;
			files = (
			);
			runOnlyForDeploymentPostprocessing = 0;
		};
		CF1CC21E2CE0186400320AE7 /* Frameworks */ = {
			isa = PBXFrameworksBuildPhase;
			buildActionMask = 2147483647;
			files = (
			);
			runOnlyForDeploymentPostprocessing = 0;
		};
/* End PBXFrameworksBuildPhase section */

/* Begin PBXGroup section */
		CF1CC1FD2CE0186100320AE7 = {
			isa = PBXGroup;
			children = (
				CF1CC2082CE0186100320AE7 /* PodcastsRSS */,
				CF1CC21A2CE0186400320AE7 /* PodcastsRSSTests */,
				CF1CC2242CE0186400320AE7 /* PodcastsRSSUITests */,
				CF1CC2072CE0186100320AE7 /* Products */,
			);
			sourceTree = "<group>";
		};
		CF1CC2072CE0186100320AE7 /* Products */ = {
			isa = PBXGroup;
			children = (
				CF1CC2062CE0186100320AE7 /* PodcastsRSS.app */,
				CF1CC2172CE0186400320AE7 /* PodcastsRSSTests.xctest */,
				CF1CC2212CE0186400320AE7 /* PodcastsRSSUITests.xctest */,
			);
			name = Products;
			sourceTree = "<group>";
		};
		CF1CC2082CE0186100320AE7 /* PodcastsRSS */ = {
			isa = PBXGroup;
			children = (
				CF1CC2092CE0186100320AE7 /* PodcastsRSSApp.swift */,
				CF1CC20B2CE0186100320AE7 /* ContentView.swift */,
				CF1CC20D2CE0186400320AE7 /* Assets.xcassets */,
				CF1CC20F2CE0186400320AE7 /* PodcastsRSS.entitlements */,
				CF1CC2102CE0186400320AE7 /* Preview Content */,
			);
			path = PodcastsRSS;
			sourceTree = "<group>";
		};
		CF1CC2102CE0186400320AE7 /* Preview Content */ = {
			isa = PBXGroup;
			children = (
				CF1CC2112CE0186400320AE7 /* Preview Assets.xcassets */,
			);
			path = "Preview Content";
			sourceTree = "<group>";
		};
		CF1CC21A2CE0186400320AE7 /* PodcastsRSSTests */ = {
			isa = PBXGroup;
			children = (
				CF1CC21B2CE0186400320AE7 /* PodcastsRSSTests.swift */,
			);
			path = PodcastsRSSTests;
			sourceTree = "<group>";
		};
		CF1CC2242CE0186400320AE7 /* PodcastsRSSUITests */ = {
			isa = PBXGroup;
			children = (
				CF1CC2252CE0186400320AE7 /* PodcastsRSSUITests.swift */,
				CF1CC2272CE0186400320AE7 /* PodcastsRSSUITestsLaunchTests.swift */,
			);
			path = PodcastsRSSUITests;
			sourceTree = "<group>";
		};
/* End PBXGroup section */

/* Begin PBXNativeTarget section */
		CF1CC2052CE0186100320AE7 /* PodcastsRSS */ = {
			isa = PBXNativeTarget;
			buildConfigurationList = CF1CC22B2CE0186400320AE7 /* Build configuration list for PBXNativeTarget "PodcastsRSS" */;
			buildPhases = (
				CF1CC2022CE0186100320AE7 /* Sources */,
				CF1CC2032CE0186100320AE7 /* Frameworks */,
				CF1CC2042CE0186100320AE7 /* Resources */,
			);
			buildRules = (
			);
			dependencies = (
			);
			name = PodcastsRSS;
			productName = PodcastsRSS;
			productReference = CF1CC2062CE0186100320AE7 /* PodcastsRSS.app */;
			productType = "com.apple.product-type.application";
		};
		CF1CC2162CE0186400320AE7 /* PodcastsRSSTests */ = {
			isa = PBXNativeTarget;
			buildConfigurationList = CF1CC22E2CE0186400320AE7 /* Build configuration list for PBXNativeTarget "PodcastsRSSTests" */;
			buildPhases = (
				CF1CC2132CE0186400320AE7 /* Sources */,
				CF1CC2142CE0186400320AE7 /* Frameworks */,
				CF1CC2152CE0186400320AE7 /* Resources */,
			);
			buildRules = (
			);
			dependencies = (
				CF1CC2192CE0186400320AE7 /* PBXTargetDependency */,
			);
			name = PodcastsRSSTests;
			productName = PodcastsRSSTests;
			productReference = CF1CC2172CE0186400320AE7 /* PodcastsRSSTests.xctest */;
			productType = "com.apple.product-type.bundle.unit-test";
		};
		CF1CC2202CE0186400320AE7 /* PodcastsRSSUITests */ = {
			isa = PBXNativeTarget;
			buildConfigurationList = CF1CC2312CE0186400320AE7 /* Build configuration list for PBXNativeTarget "PodcastsRSSUITests" */;
			buildPhases = (
				CF1CC21D2CE0186400320AE7 /* Sources */,
				CF1CC21E2CE0186400320AE7 /* Frameworks */,
				CF1CC21F2CE0186400320AE7 /* Resources */,
			);
			buildRules = (
			);
			dependencies = (
				CF1CC2232CE0186400320AE7 /* PBXTargetDependency */,
			);
			name = PodcastsRSSUITests;
			productName = PodcastsRSSUITests;
			productReference = CF1CC2212CE0186400320AE7 /* PodcastsRSSUITests.xctest */;
			productType = "com.apple.product-type.bundle.ui-testing";
		};
/* End PBXNativeTarget section */

/* Begin PBXProject section */
		CF1CC1FE2CE0186100320AE7 /* Project object */ = {
			isa = PBXProject;
			attributes = {
				BuildIndependentTargetsInParallel = 1;
				LastSwiftUpdateCheck = 1540;
				LastUpgradeCheck = 1540;
				TargetAttributes = {
					CF1CC2052CE0186100320AE7 = {
						CreatedOnToolsVersion = 15.4;
					};
					CF1CC2162CE0186400320AE7 = {
						CreatedOnToolsVersion = 15.4;
						TestTargetID = CF1CC2052CE0186100320AE7;
					};
					CF1CC2202CE0186400320AE7 = {
						CreatedOnToolsVersion = 15.4;
						TestTargetID = CF1CC2052CE0186100320AE7;
					};
				};
			};
			buildConfigurationList = CF1CC2012CE0186100320AE7 /* Build configuration list for PBXProject "PodcastsRSS" */;
			compatibilityVersion = "Xcode 14.0";
			developmentRegion = en;
			hasScannedForEncodings = 0;
			knownRegions = (
				en,
				Base,
			);
			mainGroup = CF1CC1FD2CE0186100320AE7;
			productRefGroup = CF1CC2072CE0186100320AE7 /* Products */;
			projectDirPath = "";
			projectRoot = "";
			targets = (
				CF1CC2052CE0186100320AE7 /* PodcastsRSS */,
				CF1CC2162CE0186400320AE7 /* PodcastsRSSTests */,
				CF1CC2202CE0186400320AE7 /* PodcastsRSSUITests */,
			);
		};
/* End PBXProject section */

/* Begin PBXResourcesBuildPhase section */
		CF1CC2042CE0186100320AE7 /* Resources */ = {
			isa = PBXResourcesBuildPhase;
			buildActionMask = 2147483647;
			files = (
				CF1CC2122CE0186400320AE7 /* Preview Assets.xcassets in Resources */,
				CF1CC20E2CE0186400320AE7 /* Assets.xcassets in Resources */,
			);
			runOnlyForDeploymentPostprocessing = 0;
		};
		CF1CC2152CE0186400320AE7 /* Resources */ = {
			isa = PBXResourcesBuildPhase;
			buildActionMask = 2147483647;
			files = (
			);
			runOnlyForDeploymentPostprocessing = 0;
		};
		CF1CC21F2CE0186400320AE7 /* Resources */ = {
			isa = PBXResourcesBuildPhase;
			buildActionMask = 2147483647;
			files = (
			);
			runOnlyForDeploymentPostprocessing = 0;
		};
/* End PBXResourcesBuildPhase section */

/* Begin PBXSourcesBuildPhase section */
		CF1CC2022CE0186100320AE7 /* Sources */ = {
			isa = PBXSourcesBuildPhase;
			buildActionMask = 2147483647;
			files = (
				CF1CC20C2CE0186100320AE7 /* ContentView.swift in Sources */,
				CF1CC20A2CE0186100320AE7 /* PodcastsRSSApp.swift in Sources */,
			);
			runOnlyForDeploymentPostprocessing = 0;
		};
		CF1CC2132CE0186400320AE7 /* Sources */ = {
			isa = PBXSourcesBuildPhase;
			buildActionMask = 2147483647;
			files = (
				CF1CC21C2CE0186400320AE7 /* PodcastsRSSTests.swift in Sources */,
			);
			runOnlyForDeploymentPostprocessing = 0;
		};
		CF1CC21D2CE0186400320AE7 /* Sources */ = {
			isa = PBXSourcesBuildPhase;
			buildActionMask = 2147483647;
			files = (
				CF1CC2282CE0186400320AE7 /* PodcastsRSSUITestsLaunchTests.swift in Sources */,
				CF1CC2262CE0186400320AE7 /* PodcastsRSSUITests.swift in Sources */,
			);
			runOnlyForDeploymentPostprocessing = 0;
		};
/* End PBXSourcesBuildPhase section */

/* Begin PBXTargetDependency section */
		CF1CC2192CE0186400320AE7 /* PBXTargetDependency */ = {
			isa = PBXTargetDependency;
			target = CF1CC2052CE0186100320AE7 /* PodcastsRSS */;
			targetProxy = CF1CC2182CE0186400320AE7 /* PBXContainerItemProxy */;
		};
		CF1CC2232CE0186400320AE7 /* PBXTargetDependency */ = {
			isa = PBXTargetDependency;
			target = CF1CC2052CE0186100320AE7 /* PodcastsRSS */;
			targetProxy = CF1CC2222CE0186400320AE7 /* PBXContainerItemProxy */;
		};
/* End PBXTargetDependency section */

/* Begin XCBuildConfiguration section */
		CF1CC2292CE0186400320AE7 /* Debug */ = {
			isa = XCBuildConfiguration;
			buildSettings = {
				ALWAYS_SEARCH_USER_PATHS = NO;
				ASSETCATALOG_COMPILER_GENERATE_SWIFT_ASSET_SYMBOL_EXTENSIONS = YES;
				CLANG_ANALYZER_NONNULL = YES;
				CLANG_ANALYZER_NUMBER_OBJECT_CONVERSION = YES_AGGRESSIVE;
				CLANG_CXX_LANGUAGE_STANDARD = "gnu++20";
				CLANG_ENABLE_MODULES = YES;
				CLANG_ENABLE_OBJC_ARC = YES;
				CLANG_ENABLE_OBJC_WEAK = YES;
				CLANG_WARN_BLOCK_CAPTURE_AUTORELEASING = YES;
				CLANG_WARN_BOOL_CONVERSION = YES;
				CLANG_WARN_COMMA = YES;
				CLANG_WARN_CONSTANT_CONVERSION = YES;
				CLANG_WARN_DEPRECATED_OBJC_IMPLEMENTATIONS = YES;
				CLANG_WARN_DIRECT_OBJC_ISA_USAGE = YES_ERROR;
				CLANG_WARN_DOCUMENTATION_COMMENTS = YES;
				CLANG_WARN_EMPTY_BODY = YES;
				CLANG_WARN_ENUM_CONVERSION = YES;
				CLANG_WARN_INFINITE_RECURSION = YES;
				CLANG_WARN_INT_CONVERSION = YES;
				CLANG_WARN_NON_LITERAL_NULL_CONVERSION = YES;
				CLANG_WARN_OBJC_IMPLICIT_RETAIN_SELF = YES;
				CLANG_WARN_OBJC_LITERAL_CONVERSION = YES;
				CLANG_WARN_OBJC_ROOT_CLASS = YES_ERROR;
				CLANG_WARN_QUOTED_INCLUDE_IN_FRAMEWORK_HEADER = YES;
				CLANG_WARN_RANGE_LOOP_ANALYSIS = YES;
				CLANG_WARN_STRICT_PROTOTYPES = YES;
				CLANG_WARN_SUSPICIOUS_MOVE = YES;
				CLANG_WARN_UNGUARDED_AVAILABILITY = YES_AGGRESSIVE;
				CLANG_WARN_UNREACHABLE_CODE = YES;
				CLANG_WARN__DUPLICATE_METHOD_MATCH = YES;
				COPY_PHASE_STRIP = NO;
				DEBUG_INFORMATION_FORMAT = dwarf;
				ENABLE_STRICT_OBJC_MSGSEND = YES;
				ENABLE_TESTABILITY = YES;
				ENABLE_USER_SCRIPT_SANDBOXING = YES;
				GCC_C_LANGUAGE_STANDARD = gnu17;
				GCC_DYNAMIC_NO_PIC = NO;
				GCC_NO_COMMON_BLOCKS = YES;
				GCC_OPTIMIZATION_LEVEL = 0;
				GCC_PREPROCESSOR_DEFINITIONS = (
					"DEBUG=1",
					"$(inherited)",
				);
				GCC_WARN_64_TO_32_BIT_CONVERSION = YES;
				GCC_WARN_ABOUT_RETURN_TYPE = YES_ERROR;
				GCC_WARN_UNDECLARED_SELECTOR = YES;
				GCC_WARN_UNINITIALIZED_AUTOS = YES_AGGRESSIVE;
				GCC_WARN_UNUSED_FUNCTION = YES;
				GCC_WARN_UNUSED_VARIABLE = YES;
				LOCALIZATION_PREFERS_STRING_CATALOGS = YES;
				MTL_ENABLE_DEBUG_INFO = INCLUDE_SOURCE;
				MTL_FAST_MATH = YES;
				ONLY_ACTIVE_ARCH = YES;
				SWIFT_ACTIVE_COMPILATION_CONDITIONS = "DEBUG $(inherited)";
				SWIFT_OPTIMIZATION_LEVEL = "-Onone";
			};
			name = Debug;
		};
		CF1CC22A2CE0186400320AE7 /* Release */ = {
			isa = XCBuildConfiguration;
			buildSettings = {
				ALWAYS_SEARCH_USER_PATHS = NO;
				ASSETCATALOG_COMPILER_GENERATE_SWIFT_ASSET_SYMBOL_EXTENSIONS = YES;
				CLANG_ANALYZER_NONNULL = YES;
				CLANG_ANALYZER_NUMBER_OBJECT_CONVERSION = YES_AGGRESSIVE;
				CLANG_CXX_LANGUAGE_STANDARD = "gnu++20";
				CLANG_ENABLE_MODULES = YES;
				CLANG_ENABLE_OBJC_ARC = YES;
				CLANG_ENABLE_OBJC_WEAK = YES;
				CLANG_WARN_BLOCK_CAPTURE_AUTORELEASING = YES;
				CLANG_WARN_BOOL_CONVERSION = YES;
				CLANG_WARN_COMMA = YES;
				CLANG_WARN_CONSTANT_CONVERSION = YES;
				CLANG_WARN_DEPRECATED_OBJC_IMPLEMENTATIONS = YES;
				CLANG_WARN_DIRECT_OBJC_ISA_USAGE = YES_ERROR;
				CLANG_WARN_DOCUMENTATION_COMMENTS = YES;
				CLANG_WARN_EMPTY_BODY = YES;
				CLANG_WARN_ENUM_CONVERSION = YES;
				CLANG_WARN_INFINITE_RECURSION = YES;
				CLANG_WARN_INT_CONVERSION = YES;
				CLANG_WARN_NON_LITERAL_NULL_CONVERSION = YES;
				CLANG_WARN_OBJC_IMPLICIT_RETAIN_SELF = YES;
				CLANG_WARN_OBJC_LITERAL_CONVERSION = YES;
				CLANG_WARN_OBJC_ROOT_CLASS = YES_ERROR;
				CLANG_WARN_QUOTED_INCLUDE_IN_FRAMEWORK_HEADER = YES;
				CLANG_WARN_RANGE_LOOP_ANALYSIS = YES;
				CLANG_WARN_STRICT_PROTOTYPES = YES;
				CLANG_WARN_SUSPICIOUS_MOVE = YES;
				CLANG_WARN_UNGUARDED_AVAILABILITY = YES_AGGRESSIVE;
				CLANG_WARN_UNREACHABLE_CODE = YES;
				CLANG_WARN__DUPLICATE_METHOD_MATCH = YES;
				COPY_PHASE_STRIP = NO;
				DEBUG_INFORMATION_FORMAT = "dwarf-with-dsym";
				ENABLE_NS_ASSERTIONS = NO;
				ENABLE_STRICT_OBJC_MSGSEND = YES;
				ENABLE_USER_SCRIPT_SANDBOXING = YES;
				GCC_C_LANGUAGE_STANDARD = gnu17;
				GCC_NO_COMMON_BLOCKS = YES;
				GCC_WARN_64_TO_32_BIT_CONVERSION = YES;
				GCC_WARN_ABOUT_RETURN_TYPE = YES_ERROR;
				GCC_WARN_UNDECLARED_SELECTOR = YES;
				GCC_WARN_UNINITIALIZED_AUTOS = YES_AGGRESSIVE;
				GCC_WARN_UNUSED_FUNCTION = YES;
				GCC_WARN_UNUSED_VARIABLE = YES;
				LOCALIZATION_PREFERS_STRING_CATALOGS = YES;
				MTL_ENABLE_DEBUG_INFO = NO;
				MTL_FAST_MATH = YES;
				SWIFT_COMPILATION_MODE = wholemodule;
			};
			name = Release;
		};
		CF1CC22C2CE0186400320AE7 /* Debug */ = {
			isa = XCBuildConfiguration;
			buildSettings = {
				ASSETCATALOG_COMPILER_APPICON_NAME = AppIcon;
				ASSETCATALOG_COMPILER_GLOBAL_ACCENT_COLOR_NAME = AccentColor;
				CODE_SIGN_ENTITLEMENTS = PodcastsRSS/PodcastsRSS.entitlements;
				CODE_SIGN_STYLE = Automatic;
				CURRENT_PROJECT_VERSION = 1;
				DEVELOPMENT_ASSET_PATHS = "\"PodcastsRSS/Preview Content\"";
				ENABLE_PREVIEWS = YES;
				GENERATE_INFOPLIST_FILE = YES;
				"INFOPLIST_KEY_UIApplicationSceneManifest_Generation[sdk=iphoneos*]" = YES;
				"INFOPLIST_KEY_UIApplicationSceneManifest_Generation[sdk=iphonesimulator*]" = YES;
				"INFOPLIST_KEY_UIApplicationSupportsIndirectInputEvents[sdk=iphoneos*]" = YES;
				"INFOPLIST_KEY_UIApplicationSupportsIndirectInputEvents[sdk=iphonesimulator*]" = YES;
				"INFOPLIST_KEY_UILaunchScreen_Generation[sdk=iphoneos*]" = YES;
				"INFOPLIST_KEY_UILaunchScreen_Generation[sdk=iphonesimulator*]" = YES;
				"INFOPLIST_KEY_UIStatusBarStyle[sdk=iphoneos*]" = UIStatusBarStyleDefault;
				"INFOPLIST_KEY_UIStatusBarStyle[sdk=iphonesimulator*]" = UIStatusBarStyleDefault;
				INFOPLIST_KEY_UISupportedInterfaceOrientations_iPad = "UIInterfaceOrientationPortrait UIInterfaceOrientationPortraitUpsideDown UIInterfaceOrientationLandscapeLeft UIInterfaceOrientationLandscapeRight";
				INFOPLIST_KEY_UISupportedInterfaceOrientations_iPhone = "UIInterfaceOrientationPortrait UIInterfaceOrientationLandscapeLeft UIInterfaceOrientationLandscapeRight";
				IPHONEOS_DEPLOYMENT_TARGET = 17.5;
				LD_RUNPATH_SEARCH_PATHS = "@executable_path/Frameworks";
				"LD_RUNPATH_SEARCH_PATHS[sdk=macosx*]" = "@executable_path/../Frameworks";
				MACOSX_DEPLOYMENT_TARGET = 14.3;
				MARKETING_VERSION = 1.0;
				PRODUCT_BUNDLE_IDENTIFIER = app.jnascimento.PodcastsRSS;
				PRODUCT_NAME = "$(TARGET_NAME)";
				SDKROOT = auto;
				SUPPORTED_PLATFORMS = "iphoneos iphonesimulator macosx";
				SWIFT_EMIT_LOC_STRINGS = YES;
				SWIFT_VERSION = 5.0;
				TARGETED_DEVICE_FAMILY = "1,2";
			};
			name = Debug;
		};
		CF1CC22D2CE0186400320AE7 /* Release */ = {
			isa = XCBuildConfiguration;
			buildSettings = {
				ASSETCATALOG_COMPILER_APPICON_NAME = AppIcon;
				ASSETCATALOG_COMPILER_GLOBAL_ACCENT_COLOR_NAME = AccentColor;
				CODE_SIGN_ENTITLEMENTS = PodcastsRSS/PodcastsRSS.entitlements;
				CODE_SIGN_STYLE = Automatic;
				CURRENT_PROJECT_VERSION = 1;
				DEVELOPMENT_ASSET_PATHS = "\"PodcastsRSS/Preview Content\"";
				ENABLE_PREVIEWS = YES;
				GENERATE_INFOPLIST_FILE = YES;
				"INFOPLIST_KEY_UIApplicationSceneManifest_Generation[sdk=iphoneos*]" = YES;
				"INFOPLIST_KEY_UIApplicationSceneManifest_Generation[sdk=iphonesimulator*]" = YES;
				"INFOPLIST_KEY_UIApplicationSupportsIndirectInputEvents[sdk=iphoneos*]" = YES;
				"INFOPLIST_KEY_UIApplicationSupportsIndirectInputEvents[sdk=iphonesimulator*]" = YES;
				"INFOPLIST_KEY_UILaunchScreen_Generation[sdk=iphoneos*]" = YES;
				"INFOPLIST_KEY_UILaunchScreen_Generation[sdk=iphonesimulator*]" = YES;
				"INFOPLIST_KEY_UIStatusBarStyle[sdk=iphoneos*]" = UIStatusBarStyleDefault;
				"INFOPLIST_KEY_UIStatusBarStyle[sdk=iphonesimulator*]" = UIStatusBarStyleDefault;
				INFOPLIST_KEY_UISupportedInterfaceOrientations_iPad = "UIInterfaceOrientationPortrait UIInterfaceOrientationPortraitUpsideDown UIInterfaceOrientationLandscapeLeft UIInterfaceOrientationLandscapeRight";
				INFOPLIST_KEY_UISupportedInterfaceOrientations_iPhone = "UIInterfaceOrientationPortrait UIInterfaceOrientationLandscapeLeft UIInterfaceOrientationLandscapeRight";
				IPHONEOS_DEPLOYMENT_TARGET = 17.5;
				LD_RUNPATH_SEARCH_PATHS = "@executable_path/Frameworks";
				"LD_RUNPATH_SEARCH_PATHS[sdk=macosx*]" = "@executable_path/../Frameworks";
				MACOSX_DEPLOYMENT_TARGET = 14.3;
				MARKETING_VERSION = 1.0;
				PRODUCT_BUNDLE_IDENTIFIER = app.jnascimento.PodcastsRSS;
				PRODUCT_NAME = "$(TARGET_NAME)";
				SDKROOT = auto;
				SUPPORTED_PLATFORMS = "iphoneos iphonesimulator macosx";
				SWIFT_EMIT_LOC_STRINGS = YES;
				SWIFT_VERSION = 5.0;
				TARGETED_DEVICE_FAMILY = "1,2";
			};
			name = Release;
		};
		CF1CC22F2CE0186400320AE7 /* Debug */ = {
			isa = XCBuildConfiguration;
			buildSettings = {
				ALWAYS_EMBED_SWIFT_STANDARD_LIBRARIES = YES;
				BUNDLE_LOADER = "$(TEST_HOST)";
				CODE_SIGN_STYLE = Automatic;
				CURRENT_PROJECT_VERSION = 1;
				GENERATE_INFOPLIST_FILE = YES;
				IPHONEOS_DEPLOYMENT_TARGET = 17.5;
				MACOSX_DEPLOYMENT_TARGET = 14.3;
				MARKETING_VERSION = 1.0;
				PRODUCT_BUNDLE_IDENTIFIER = app.jnascimento.PodcastsRSSTests;
				PRODUCT_NAME = "$(TARGET_NAME)";
				SDKROOT = auto;
				SUPPORTED_PLATFORMS = "iphoneos iphonesimulator macosx";
				SWIFT_EMIT_LOC_STRINGS = NO;
				SWIFT_VERSION = 5.0;
				TARGETED_DEVICE_FAMILY = "1,2";
				TEST_HOST = "$(BUILT_PRODUCTS_DIR)/PodcastsRSS.app/$(BUNDLE_EXECUTABLE_FOLDER_PATH)/PodcastsRSS";
			};
			name = Debug;
		};
		CF1CC2302CE0186400320AE7 /* Release */ = {
			isa = XCBuildConfiguration;
			buildSettings = {
				ALWAYS_EMBED_SWIFT_STANDARD_LIBRARIES = YES;
				BUNDLE_LOADER = "$(TEST_HOST)";
				CODE_SIGN_STYLE = Automatic;
				CURRENT_PROJECT_VERSION = 1;
				GENERATE_INFOPLIST_FILE = YES;
				IPHONEOS_DEPLOYMENT_TARGET = 17.5;
				MACOSX_DEPLOYMENT_TARGET = 14.3;
				MARKETING_VERSION = 1.0;
				PRODUCT_BUNDLE_IDENTIFIER = app.jnascimento.PodcastsRSSTests;
				PRODUCT_NAME = "$(TARGET_NAME)";
				SDKROOT = auto;
				SUPPORTED_PLATFORMS = "iphoneos iphonesimulator macosx";
				SWIFT_EMIT_LOC_STRINGS = NO;
				SWIFT_VERSION = 5.0;
				TARGETED_DEVICE_FAMILY = "1,2";
				TEST_HOST = "$(BUILT_PRODUCTS_DIR)/PodcastsRSS.app/$(BUNDLE_EXECUTABLE_FOLDER_PATH)/PodcastsRSS";
			};
			name = Release;
		};
		CF1CC2322CE0186400320AE7 /* Debug */ = {
			isa = XCBuildConfiguration;
			buildSettings = {
				ALWAYS_EMBED_SWIFT_STANDARD_LIBRARIES = YES;
				CODE_SIGN_STYLE = Automatic;
				CURRENT_PROJECT_VERSION = 1;
				GENERATE_INFOPLIST_FILE = YES;
				IPHONEOS_DEPLOYMENT_TARGET = 17.5;
				MACOSX_DEPLOYMENT_TARGET = 14.3;
				MARKETING_VERSION = 1.0;
				PRODUCT_BUNDLE_IDENTIFIER = app.jnascimento.PodcastsRSSUITests;
				PRODUCT_NAME = "$(TARGET_NAME)";
				SDKROOT = auto;
				SUPPORTED_PLATFORMS = "iphoneos iphonesimulator macosx";
				SWIFT_EMIT_LOC_STRINGS = NO;
				SWIFT_VERSION = 5.0;
				TARGETED_DEVICE_FAMILY = "1,2";
				TEST_TARGET_NAME = PodcastsRSS;
			};
			name = Debug;
		};
		CF1CC2332CE0186400320AE7 /* Release */ = {
			isa = XCBuildConfiguration;
			buildSettings = {
				ALWAYS_EMBED_SWIFT_STANDARD_LIBRARIES = YES;
				CODE_SIGN_STYLE = Automatic;
				CURRENT_PROJECT_VERSION = 1;
				GENERATE_INFOPLIST_FILE = YES;
				IPHONEOS_DEPLOYMENT_TARGET = 17.5;
				MACOSX_DEPLOYMENT_TARGET = 14.3;
				MARKETING_VERSION = 1.0;
				PRODUCT_BUNDLE_IDENTIFIER = app.jnascimento.PodcastsRSSUITests;
				PRODUCT_NAME = "$(TARGET_NAME)";
				SDKROOT = auto;
				SUPPORTED_PLATFORMS = "iphoneos iphonesimulator macosx";
				SWIFT_EMIT_LOC_STRINGS = NO;
				SWIFT_VERSION = 5.0;
				TARGETED_DEVICE_FAMILY = "1,2";
				TEST_TARGET_NAME = PodcastsRSS;
			};
			name = Release;
		};
/* End XCBuildConfiguration section */

/* Begin XCConfigurationList section */
		CF1CC2012CE0186100320AE7 /* Build configuration list for PBXProject "PodcastsRSS" */ = {
			isa = XCConfigurationList;
			buildConfigurations = (
				CF1CC2292CE0186400320AE7 /* Debug */,
				CF1CC22A2CE0186400320AE7 /* Release */,
			);
			defaultConfigurationIsVisible = 0;
			defaultConfigurationName = Release;
		};
		CF1CC22B2CE0186400320AE7 /* Build configuration list for PBXNativeTarget "PodcastsRSS" */ = {
			isa = XCConfigurationList;
			buildConfigurations = (
				CF1CC22C2CE0186400320AE7 /* Debug */,
				CF1CC22D2CE0186400320AE7 /* Release */,
			);
			defaultConfigurationIsVisible = 0;
			defaultConfigurationName = Release;
		};
		CF1CC22E2CE0186400320AE7 /* Build configuration list for PBXNativeTarget "PodcastsRSSTests" */ = {
			isa = XCConfigurationList;
			buildConfigurations = (
				CF1CC22F2CE0186400320AE7 /* Debug */,
				CF1CC2302CE0186400320AE7 /* Release */,
			);
			defaultConfigurationIsVisible = 0;
			defaultConfigurationName = Release;
		};
		CF1CC2312CE0186400320AE7 /* Build configuration list for PBXNativeTarget "PodcastsRSSUITests" */ = {
			isa = XCConfigurationList;
			buildConfigurations = (
				CF1CC2322CE0186400320AE7 /* Debug */,
				CF1CC2332CE0186400320AE7 /* Release */,
			);
			defaultConfigurationIsVisible = 0;
			defaultConfigurationName = Release;
		};
/* End XCConfigurationList section */
	};
	rootObject = CF1CC1FE2CE0186100320AE7 /* Project object */;
}
